<?xml version="1.0" encoding="UTF-8"?>
<Scheme
   LastUpgradeVersion = "2620"
   version = "1.7">
   <BuildAction
      parallelizeBuildables = "YES"
      buildImplicitDependencies = "YES"
      buildArchitectures = "Automatic">
      <BuildActionEntries>
         <BuildActionEntry
            buildForTesting = "YES"
            buildForRunning = "YES"
            buildForProfiling = "YES"
            buildForArchiving = "YES"
            buildForAnalyzing = "YES">
            <BuildableReference
               BuildableIdentifier = "primary"
               BlueprintIdentifier = "AAA50001"
               BuildableName = "Reframer.app"
               BlueprintName = "Reframer"
               ReferencedContainer = "container:Reframer.xcodeproj">
            </BuildableReference>
         </BuildActionEntry>
      </BuildActionEntries>
   </BuildAction>
   <TestAction
      buildConfiguration = "Debug"
      selectedDebuggerIdentifier = "Xcode.DebuggerFoundation.Debugger.LLDB"
      selectedLauncherIdentifier = "Xcode.DebuggerFoundation.Launcher.LLDB"
      shouldUseLaunchSchemeArgsEnv = "YES">
      <PreActions>
         <ExecutionAction ActionType = "Xcode.IDEStandardExecutionActionsCore.ExecutionActionType.ShellScriptAction">
            <ActionContent
               title = "Unquarantine UITest Runner"
               scriptText = "runner=&quot;${BUILT_PRODUCTS_DIR}/ReframerUITests-Runner.app&quot;&#10;app=&quot;${BUILT_PRODUCTS_DIR}/Reframer.app&quot;&#10;if [ -d &quot;$runner&quot; ]; then&#10;  /usr/bin/xattr -dr com.apple.quarantine &quot;$runner&quot; || true&#10;  /usr/bin/xattr -dr com.apple.quarantine &quot;$runner/Contents/PlugIns&quot; || true&#10;  /usr/bin/xattr -dr com.apple.provenance &quot;$runner&quot; || true&#10;  /usr/bin/xattr -dr com.apple.macl &quot;$runner&quot; || true&#10;  /usr/bin/codesign --force --deep --sign - &quot;$runner&quot; || true&#10;fi&#10;if [ -d &quot;$app&quot; ]; then&#10;  /usr/bin/xattr -dr com.apple.quarantine &quot;$app&quot; || true&#10;  /usr/bin/xattr -dr com.apple.provenance &quot;$app&quot; || true&#10;  /usr/bin/xattr -dr com.apple.macl &quot;$app&quot; || true&#10;  /usr/bin/codesign --force --deep --sign - &quot;$app&quot; || true&#10;fi">
               <EnvironmentBuildable>
                  <BuildableReference
                     BuildableIdentifier = "primary"
                     BlueprintIdentifier = "AAA50001"
                     BuildableName = "Reframer.app"
                     BlueprintName = "Reframer"
                     ReferencedContainer = "container:Reframer.xcodeproj">
                  </BuildableReference>
               </EnvironmentBuildable>
            </ActionContent>
         </ExecutionAction>
      </PreActions>
      <TestPlans>
         <TestPlanReference
            reference = "container:Reframer.xctestplan"
            default = "YES">
         </TestPlanReference>
      </TestPlans>
      <Testables>
         <TestableReference
            skipped = "NO"
            parallelizable = "YES">
            <BuildableReference
               BuildableIdentifier = "primary"
               BlueprintIdentifier = "BBB50001"
               BuildableName = "ReframerTests.xctest"
               BlueprintName = "ReframerTests"
               ReferencedContainer = "container:Reframer.xcodeproj">
            </BuildableReference>
         </TestableReference>
         <TestableReference
            skipped = "NO"
            parallelizable = "YES">
            <BuildableReference
               BuildableIdentifier = "primary"
               BlueprintIdentifier = "CCC50001"
               BuildableName = "ReframerUITests.xctest"
               BlueprintName = "ReframerUITests"
               ReferencedContainer = "container:Reframer.xcodeproj">
            </BuildableReference>
         </TestableReference>
      </Testables>
   </TestAction>
   <LaunchAction
      buildConfiguration = "Debug"
      selectedDebuggerIdentifier = "Xcode.DebuggerFoundation.Debugger.LLDB"
      selectedLauncherIdentifier = "Xcode.DebuggerFoundation.Launcher.LLDB"
      launchStyle = "0"
      useCustomWorkingDirectory = "NO"
      ignoresPersistentStateOnLaunch = "NO"
      debugDocumentVersioning = "YES"
      debugServiceExtension = "internal"
      allowLocationSimulation = "YES">
      <BuildableProductRunnable
         runnableDebuggingMode = "0">
         <BuildableReference
            BuildableIdentifier = "primary"
            BlueprintIdentifier = "AAA50001"
            BuildableName = "Reframer.app"
            BlueprintName = "Reframer"
            ReferencedContainer = "container:Reframer.xcodeproj">
         </BuildableReference>
      </BuildableProductRunnable>
   </LaunchAction>
   <ProfileAction
      buildConfiguration = "Release"
      shouldUseLaunchSchemeArgsEnv = "YES"
      savedToolIdentifier = ""
      useCustomWorkingDirectory = "NO"
      debugDocumentVersioning = "YES">
      <BuildableProductRunnable
         runnableDebuggingMode = "0">
         <BuildableReference
            BuildableIdentifier = "primary"
            BlueprintIdentifier = "AAA50001"
            BuildableName = "Reframer.app"
            BlueprintName = "Reframer"
            ReferencedContainer = "container:Reframer.xcodeproj">
         </BuildableReference>
      </BuildableProductRunnable>
   </ProfileAction>
   <AnalyzeAction
      buildConfiguration = "Debug">
   </AnalyzeAction>
   <ArchiveAction
      buildConfiguration = "Release"
      revealArchiveInOrganizer = "YES">
   </ArchiveAction>
</Scheme>
