// !$*UTF8*$!
{
	archiveVersion = 1;
	classes = {
	};
	objectVersion = 70;
	objects = {

/* Begin PBXBuildFile section */
		0631DC8CF1CB9806E1F13AE0 /* ControlBar.swift in Sources */ = {isa = PBXBuildFile; fileRef = 242CE7E3F5EFF404409747F7 /* ControlBar.swift */; };
		0C895AB32C4B6FB0FA35D32A /* VideoFormats.swift in Sources */ = {isa = PBXBuildFile; fileRef = D19D82333A5671C5FB146764 /* VideoFormats.swift */; };
		15FDF44DEF2AEB44C895443B /* VideoState.swift in Sources */ = {isa = PBXBuildFile; fileRef = AE63ACD63859E708710A97D4 /* VideoState.swift */; };
		2491A9B249AD2563B719271A /* Notifications.swift in Sources */ = {isa = PBXBuildFile; fileRef = 70C014B4F5CB12CD15A1A186 /* Notifications.swift */; };
		370628C9CD00AD6AA6DF0707 /* ControlBar.xib in Resources */ = {isa = PBXBuildFile; fileRef = B972E974DDAFCDB4952DE88C /* ControlBar.xib */; };
		5E887FAA7C23F19E7451BD73 /* MainViewController.swift in Sources */ = {isa = PBXBuildFile; fileRef = 8072E56EC759E00E54249624 /* MainViewController.swift */; };
		6E1F01CFBCE69080FA2B16F6 /* MainMenu.xib in Resources */ = {isa = PBXBuildFile; fileRef = 331DF56DBDF1FEEE4E142195 /* MainMenu.xib */; };
		7148C7DD0239873CFBA24CB6 /* AppDelegate.swift in Sources */ = {isa = PBXBuildFile; fileRef = 12166D40D39C3C452F590B2E /* AppDelegate.swift */; };
		7C580FCBE04BAD9DED666438 /* DropZoneView.swift in Sources */ = {isa = PBXBuildFile; fileRef = 205A94D5C521D2C8598E3FAA /* DropZoneView.swift */; };
		889027EB0A16468DA6E73FD3 /* MPVLibrary.swift in Sources */ = {isa = PBXBuildFile; fileRef = FDFBBC73F2B1449DB52FD707 /* MPVLibrary.swift */; };
		903D85FA96F4D67AAE7D51A6 /* EdgeIndicatorView.swift in Sources */ = {isa = PBXBuildFile; fileRef = B00A4247B054C63DA76D824C /* EdgeIndicatorView.swift */; };
		AAA00011 /* Assets.xcassets in Resources */ = {isa = PBXBuildFile; fileRef = AAA10011 /* Assets.xcassets */; };
		B8CFABAEDE33931C8E299E81 /* MPVManager.swift in Sources */ = {isa = PBXBuildFile; fileRef = 2502FE4461DC2B65CC2AD0F1 /* MPVManager.swift */; };
		BA0EBAA4561101336A2CB3CF /* MPVVideoView.swift in Sources */ = {isa = PBXBuildFile; fileRef = 82AA3D89B4B8C208795E63C8 /* MPVVideoView.swift */; };
		BBB00001 /* TestHelpers.swift in Sources */ = {isa = PBXBuildFile; fileRef = BBB10001 /* TestHelpers.swift */; };
		BBB00002 /* VideoStateTests.swift in Sources */ = {isa = PBXBuildFile; fileRef = BBB10002 /* VideoStateTests.swift */; };
		BBB00003 /* VideoFormatsTests.swift in Sources */ = {isa = PBXBuildFile; fileRef = BBB10003 /* VideoFormatsTests.swift */; };
		CBT001002 /* ControlBarStepTests.swift in Sources */ = {isa = PBXBuildFile; fileRef = CBT001001 /* ControlBarStepTests.swift */; };
		CCC00001 /* ReframerUITests.swift in Sources */ = {isa = PBXBuildFile; fileRef = CCC10001 /* ReframerUITests.swift */; };
		CCC00002 /* ReframerUITestsLaunchTests.swift in Sources */ = {isa = PBXBuildFile; fileRef = CCC10002 /* ReframerUITestsLaunchTests.swift */; };
		CCC00003 /* ReframerIntegrationTests.swift in Sources */ = {isa = PBXBuildFile; fileRef = CCC10003 /* ReframerIntegrationTests.swift */; };
		DDD00001 /* test_30fps_2s.mp4 in Resources */ = {isa = PBXBuildFile; fileRef = DDD10001 /* test_30fps_2s.mp4 */; };
		DDD00002 /* test_60fps_5s.mp4 in Resources */ = {isa = PBXBuildFile; fileRef = DDD10002 /* test_60fps_5s.mp4 */; };
		DDD00003 /* test_4x3_1s.mp4 in Resources */ = {isa = PBXBuildFile; fileRef = DDD10003 /* test_4x3_1s.mp4 */; };
		DZ001002 /* DropZoneViewTests.swift in Sources */ = {isa = PBXBuildFile; fileRef = DZ001001 /* DropZoneViewTests.swift */; };
		ED8A2C8BB3058B6D41186E0D /* PreferencesWindowController.swift in Sources */ = {isa = PBXBuildFile; fileRef = 8E4B5700799E838C1B840355 /* PreferencesWindowController.swift */; };
		F1BD590341D153225E413522 /* HelpView.swift in Sources */ = {isa = PBXBuildFile; fileRef = 1DD11BE9E49C9FFF9BB26A6E /* HelpView.swift */; };
		FFDA91AD48516D4B047630BE /* VideoView.swift in Sources */ = {isa = PBXBuildFile; fileRef = 5F1E904417161A398ABD5FE0 /* VideoView.swift */; };
		FFF00001 /* Reframer.help in Resources */ = {isa = PBXBuildFile; fileRef = FFF10001 /* Reframer.help */; };
		FM001002 /* FilterMenuButton.swift in Sources */ = {isa = PBXBuildFile; fileRef = FM001001 /* FilterMenuButton.swift */; };
		FP001002 /* FilterPanelView.swift in Sources */ = {isa = PBXBuildFile; fileRef = FP001001 /* FilterPanelView.swift */; };
		FS001002 /* FilterSettings.swift in Sources */ = {isa = PBXBuildFile; fileRef = FS001001 /* FilterSettings.swift */; };
		KC001002 /* KeyCodes.swift in Sources */ = {isa = PBXBuildFile; fileRef = KC001001 /* KeyCodes.swift */; };
		MPV001002 /* MPVManagerTests.swift in Sources */ = {isa = PBXBuildFile; fileRef = MPV001001 /* MPVManagerTests.swift */; };
		MPV001004 /* MPVInstallationTests.swift in Sources */ = {isa = PBXBuildFile; fileRef = MPV001003 /* MPVInstallationTests.swift */; };
		SS001002 /* ScrollStepAccumulator.swift in Sources */ = {isa = PBXBuildFile; fileRef = SS001001 /* ScrollStepAccumulator.swift */; };
		SST001002 /* ScrollStepAccumulatorTests.swift in Sources */ = {isa = PBXBuildFile; fileRef = SST001001 /* ScrollStepAccumulatorTests.swift */; };
		VF001002 /* VideoFilter.swift in Sources */ = {isa = PBXBuildFile; fileRef = VF001001 /* VideoFilter.swift */; };
		YT001002 /* YouTubeResolver.swift in Sources */ = {isa = PBXBuildFile; fileRef = YT001001 /* YouTubeResolver.swift */; };
		YT001004 /* YouTubeResolverTests.swift in Sources */ = {isa = PBXBuildFile; fileRef = YT001003 /* YouTubeResolverTests.swift */; };
		YT001006 /* ReframerYouTubeUITests.swift in Sources */ = {isa = PBXBuildFile; fileRef = YT001005 /* ReframerYouTubeUITests.swift */; };
		MPVUI001002 /* MPVIntegrationTests.swift in Sources */ = {isa = PBXBuildFile; fileRef = MPVUI001001 /* MPVIntegrationTests.swift */; };
/* End PBXBuildFile section */

/* Begin PBXContainerItemProxy section */
		BBB20001 /* PBXContainerItemProxy */ = {
			isa = PBXContainerItemProxy;
			containerPortal = AAA50004 /* Project object */;
			proxyType = 1;
			remoteGlobalIDString = AAA50001;
			remoteInfo = Reframer;
		};
		CCC20001 /* PBXContainerItemProxy */ = {
			isa = PBXContainerItemProxy;
			containerPortal = AAA50004 /* Project object */;
			proxyType = 1;
			remoteGlobalIDString = AAA50001;
			remoteInfo = Reframer;
		};
/* End PBXContainerItemProxy section */

/* Begin PBXFileReference section */
		12166D40D39C3C452F590B2E /* AppDelegate.swift */ = {isa = PBXFileReference; includeInIndex = 1; lastKnownFileType = sourcecode.swift; path = AppDelegate.swift; sourceTree = "<group>"; };
		1DD11BE9E49C9FFF9BB26A6E /* HelpView.swift */ = {isa = PBXFileReference; includeInIndex = 1; lastKnownFileType = sourcecode.swift; path = HelpView.swift; sourceTree = "<group>"; };
		205A94D5C521D2C8598E3FAA /* DropZoneView.swift */ = {isa = PBXFileReference; includeInIndex = 1; lastKnownFileType = sourcecode.swift; path = DropZoneView.swift; sourceTree = "<group>"; };
		242CE7E3F5EFF404409747F7 /* ControlBar.swift */ = {isa = PBXFileReference; includeInIndex = 1; lastKnownFileType = sourcecode.swift; path = ControlBar.swift; sourceTree = "<group>"; };
		2502FE4461DC2B65CC2AD0F1 /* MPVManager.swift */ = {isa = PBXFileReference; includeInIndex = 1; lastKnownFileType = sourcecode.swift; path = MPVManager.swift; sourceTree = "<group>"; };
		331DF56DBDF1FEEE4E142195 /* MainMenu.xib */ = {isa = PBXFileReference; includeInIndex = 1; lastKnownFileType = file.xib; path = MainMenu.xib; sourceTree = "<group>"; };
		5F1E904417161A398ABD5FE0 /* VideoView.swift */ = {isa = PBXFileReference; includeInIndex = 1; lastKnownFileType = sourcecode.swift; path = VideoView.swift; sourceTree = "<group>"; };
		70C014B4F5CB12CD15A1A186 /* Notifications.swift */ = {isa = PBXFileReference; includeInIndex = 1; lastKnownFileType = sourcecode.swift; path = Notifications.swift; sourceTree = "<group>"; };
		8072E56EC759E00E54249624 /* MainViewController.swift */ = {isa = PBXFileReference; includeInIndex = 1; lastKnownFileType = sourcecode.swift; path = MainViewController.swift; sourceTree = "<group>"; };
		82AA3D89B4B8C208795E63C8 /* MPVVideoView.swift */ = {isa = PBXFileReference; includeInIndex = 1; lastKnownFileType = sourcecode.swift; path = MPVVideoView.swift; sourceTree = "<group>"; };
		8E4B5700799E838C1B840355 /* PreferencesWindowController.swift */ = {isa = PBXFileReference; includeInIndex = 1; lastKnownFileType = sourcecode.swift; path = PreferencesWindowController.swift; sourceTree = "<group>"; };
		AAA10011 /* Assets.xcassets */ = {isa = PBXFileReference; lastKnownFileType = folder.assetcatalog; path = Assets.xcassets; sourceTree = "<group>"; };
		AAA10012 /* Reframer.entitlements */ = {isa = PBXFileReference; lastKnownFileType = text.plist.entitlements; path = Reframer.entitlements; sourceTree = "<group>"; };
		AAA10013 /* Info.plist */ = {isa = PBXFileReference; lastKnownFileType = text.plist.xml; path = Info.plist; sourceTree = "<group>"; };
		AAA20001 /* Reframer.app */ = {isa = PBXFileReference; explicitFileType = wrapper.application; includeInIndex = 0; path = Reframer.app; sourceTree = BUILT_PRODUCTS_DIR; };
		AE63ACD63859E708710A97D4 /* VideoState.swift */ = {isa = PBXFileReference; includeInIndex = 1; lastKnownFileType = sourcecode.swift; path = VideoState.swift; sourceTree = "<group>"; };
		B00A4247B054C63DA76D824C /* EdgeIndicatorView.swift */ = {isa = PBXFileReference; includeInIndex = 1; lastKnownFileType = sourcecode.swift; path = EdgeIndicatorView.swift; sourceTree = "<group>"; };
		B972E974DDAFCDB4952DE88C /* ControlBar.xib */ = {isa = PBXFileReference; includeInIndex = 1; lastKnownFileType = file.xib; path = ControlBar.xib; sourceTree = "<group>"; };
		BBB10001 /* TestHelpers.swift */ = {isa = PBXFileReference; lastKnownFileType = sourcecode.swift; path = TestHelpers.swift; sourceTree = "<group>"; };
		BBB10002 /* VideoStateTests.swift */ = {isa = PBXFileReference; lastKnownFileType = sourcecode.swift; path = VideoStateTests.swift; sourceTree = "<group>"; xcLanguageSpecificationIdentifier = xcode.lang.simpleColoring; };
		BBB10003 /* VideoFormatsTests.swift */ = {isa = PBXFileReference; lastKnownFileType = sourcecode.swift; path = VideoFormatsTests.swift; sourceTree = "<group>"; };
		BBB20002 /* ReframerTests.xctest */ = {isa = PBXFileReference; explicitFileType = wrapper.cfbundle; includeInIndex = 0; path = ReframerTests.xctest; sourceTree = BUILT_PRODUCTS_DIR; };
		CBT001001 /* ControlBarStepTests.swift */ = {isa = PBXFileReference; lastKnownFileType = sourcecode.swift; path = ControlBarStepTests.swift; sourceTree = "<group>"; };
		CCC10001 /* ReframerUITests.swift */ = {isa = PBXFileReference; lastKnownFileType = sourcecode.swift; path = ReframerUITests.swift; sourceTree = "<group>"; };
		CCC10002 /* ReframerUITestsLaunchTests.swift */ = {isa = PBXFileReference; lastKnownFileType = sourcecode.swift; path = ReframerUITestsLaunchTests.swift; sourceTree = "<group>"; };
		CCC10003 /* ReframerIntegrationTests.swift */ = {isa = PBXFileReference; lastKnownFileType = sourcecode.swift; path = ReframerIntegrationTests.swift; sourceTree = "<group>"; };
		CCC20002 /* ReframerUITests.xctest */ = {isa = PBXFileReference; explicitFileType = wrapper.cfbundle; includeInIndex = 0; path = ReframerUITests.xctest; sourceTree = BUILT_PRODUCTS_DIR; };
		D19D82333A5671C5FB146764 /* VideoFormats.swift */ = {isa = PBXFileReference; includeInIndex = 1; lastKnownFileType = sourcecode.swift; path = VideoFormats.swift; sourceTree = "<group>"; };
		DDD10001 /* test_30fps_2s.mp4 */ = {isa = PBXFileReference; lastKnownFileType = file; path = test_30fps_2s.mp4; sourceTree = "<group>"; };
		DDD10002 /* test_60fps_5s.mp4 */ = {isa = PBXFileReference; lastKnownFileType = file; path = test_60fps_5s.mp4; sourceTree = "<group>"; };
		DDD10003 /* test_4x3_1s.mp4 */ = {isa = PBXFileReference; lastKnownFileType = file; path = test_4x3_1s.mp4; sourceTree = "<group>"; };
		DDD10004 /* test-video.mp4 */ = {isa = PBXFileReference; lastKnownFileType = file; path = "test-video.mp4"; sourceTree = "<group>"; };
		DZ001001 /* DropZoneViewTests.swift */ = {isa = PBXFileReference; lastKnownFileType = sourcecode.swift; path = DropZoneViewTests.swift; sourceTree = "<group>"; };
		EEE10001 /* Reframer.docc */ = {isa = PBXFileReference; lastKnownFileType = folder.documentationcatalog; path = Reframer.docc; sourceTree = "<group>"; };
		FDFBBC73F2B1449DB52FD707 /* MPVLibrary.swift */ = {isa = PBXFileReference; includeInIndex = 1; lastKnownFileType = sourcecode.swift; path = MPVLibrary.swift; sourceTree = "<group>"; };
		FFF10001 /* Reframer.help */ = {isa = PBXFileReference; lastKnownFileType = wrapper; path = Reframer.help; sourceTree = "<group>"; };
		FM001001 /* FilterMenuButton.swift */ = {isa = PBXFileReference; includeInIndex = 1; lastKnownFileType = sourcecode.swift; path = FilterMenuButton.swift; sourceTree = "<group>"; };
		FP001001 /* FilterPanelView.swift */ = {isa = PBXFileReference; includeInIndex = 1; lastKnownFileType = sourcecode.swift; path = FilterPanelView.swift; sourceTree = "<group>"; };
		FS001001 /* FilterSettings.swift */ = {isa = PBXFileReference; includeInIndex = 1; lastKnownFileType = sourcecode.swift; path = FilterSettings.swift; sourceTree = "<group>"; };
		KC001001 /* KeyCodes.swift */ = {isa = PBXFileReference; includeInIndex = 1; lastKnownFileType = sourcecode.swift; path = KeyCodes.swift; sourceTree = "<group>"; };
		MPV001001 /* MPVManagerTests.swift */ = {isa = PBXFileReference; lastKnownFileType = sourcecode.swift; path = MPVManagerTests.swift; sourceTree = "<group>"; };
		MPV001003 /* MPVInstallationTests.swift */ = {isa = PBXFileReference; lastKnownFileType = sourcecode.swift; path = MPVInstallationTests.swift; sourceTree = "<group>"; };
		SS001001 /* ScrollStepAccumulator.swift */ = {isa = PBXFileReference; includeInIndex = 1; lastKnownFileType = sourcecode.swift; path = ScrollStepAccumulator.swift; sourceTree = "<group>"; };
		SST001001 /* ScrollStepAccumulatorTests.swift */ = {isa = PBXFileReference; lastKnownFileType = sourcecode.swift; path = ScrollStepAccumulatorTests.swift; sourceTree = "<group>"; };
		VF001001 /* VideoFilter.swift */ = {isa = PBXFileReference; includeInIndex = 1; lastKnownFileType = sourcecode.swift; path = VideoFilter.swift; sourceTree = "<group>"; };
		YT001001 /* YouTubeResolver.swift */ = {isa = PBXFileReference; includeInIndex = 1; lastKnownFileType = sourcecode.swift; path = YouTubeResolver.swift; sourceTree = "<group>"; };
		YT001003 /* YouTubeResolverTests.swift */ = {isa = PBXFileReference; lastKnownFileType = sourcecode.swift; path = YouTubeResolverTests.swift; sourceTree = "<group>"; };
		YT001005 /* ReframerYouTubeUITests.swift */ = {isa = PBXFileReference; lastKnownFileType = sourcecode.swift; path = ReframerYouTubeUITests.swift; sourceTree = "<group>"; };
		MPVUI001001 /* MPVIntegrationTests.swift */ = {isa = PBXFileReference; lastKnownFileType = sourcecode.swift; path = MPVIntegrationTests.swift; sourceTree = "<group>"; };
/* End PBXFileReference section */

/* Begin PBXFileSystemSynchronizedRootGroup section */
		B214C6102F2E40FA0048F524 /* ../docs */ = {isa = PBXFileSystemSynchronizedRootGroup; explicitFileTypes = {}; explicitFolders = (); path = ../docs; sourceTree = SOURCE_ROOT; };
/* End PBXFileSystemSynchronizedRootGroup section */

/* Begin PBXFrameworksBuildPhase section */
		AAA30001 /* Frameworks */ = {
			isa = PBXFrameworksBuildPhase;
			buildActionMask = 2147483647;
			files = (
			);
			runOnlyForDeploymentPostprocessing = 0;
		};
		BBB30001 /* Frameworks */ = {
			isa = PBXFrameworksBuildPhase;
			buildActionMask = 2147483647;
			files = (
			);
			runOnlyForDeploymentPostprocessing = 0;
		};
		CCC30001 /* Frameworks */ = {
			isa = PBXFrameworksBuildPhase;
			buildActionMask = 2147483647;
			files = (
			);
			runOnlyForDeploymentPostprocessing = 0;
		};
/* End PBXFrameworksBuildPhase section */

/* Begin PBXGroup section */
		AAA40001 = {
			isa = PBXGroup;
			children = (
				B214C6102F2E40FA0048F524 /* ../docs */,
				AAA40002 /* Reframer */,
				BBB40001 /* ReframerTests */,
				CCC40001 /* ReframerUITests */,
				AAA40003 /* Products */,
			);
			sourceTree = "<group>";
		};
		AAA40002 /* Reframer */ = {
			isa = PBXGroup;
			children = (
				AAA40004 /* App */,
				AAA40005 /* Views */,
				AAA40006 /* Models */,
				AAA40007 /* Utilities */,
				AAA40008 /* Resources */,
				EEE10001 /* Reframer.docc */,
				FFF10001 /* Reframer.help */,
			);
			path = Reframer;
			sourceTree = "<group>";
		};
		AAA40003 /* Products */ = {
			isa = PBXGroup;
			children = (
				AAA20001 /* Reframer.app */,
				BBB20002 /* ReframerTests.xctest */,
				CCC20002 /* ReframerUITests.xctest */,
			);
			name = Products;
			sourceTree = "<group>";
		};
		AAA40004 /* App */ = {
			isa = PBXGroup;
			children = (
				12166D40D39C3C452F590B2E /* AppDelegate.swift */,
			);
			path = App;
			sourceTree = "<group>";
		};
		AAA40005 /* Views */ = {
			isa = PBXGroup;
			children = (
				205A94D5C521D2C8598E3FAA /* DropZoneView.swift */,
				5F1E904417161A398ABD5FE0 /* VideoView.swift */,
				242CE7E3F5EFF404409747F7 /* ControlBar.swift */,
				8072E56EC759E00E54249624 /* MainViewController.swift */,
				1DD11BE9E49C9FFF9BB26A6E /* HelpView.swift */,
				B00A4247B054C63DA76D824C /* EdgeIndicatorView.swift */,
				FM001001 /* FilterMenuButton.swift */,
				FP001001 /* FilterPanelView.swift */,
				82AA3D89B4B8C208795E63C8 /* MPVVideoView.swift */,
				8E4B5700799E838C1B840355 /* PreferencesWindowController.swift */,
			);
			path = Views;
			sourceTree = "<group>";
		};
		AAA40006 /* Models */ = {
			isa = PBXGroup;
			children = (
				AE63ACD63859E708710A97D4 /* VideoState.swift */,
				VF001001 /* VideoFilter.swift */,
				FS001001 /* FilterSettings.swift */,
			);
			path = Models;
			sourceTree = "<group>";
		};
		AAA40007 /* Utilities */ = {
			isa = PBXGroup;
			children = (
				D19D82333A5671C5FB146764 /* VideoFormats.swift */,
				70C014B4F5CB12CD15A1A186 /* Notifications.swift */,
				KC001001 /* KeyCodes.swift */,
				SS001001 /* ScrollStepAccumulator.swift */,
				2502FE4461DC2B65CC2AD0F1 /* MPVManager.swift */,
				FDFBBC73F2B1449DB52FD707 /* MPVLibrary.swift */,
				YT001001 /* YouTubeResolver.swift */,
			);
			path = Utilities;
			sourceTree = "<group>";
		};
		AAA40008 /* Resources */ = {
			isa = PBXGroup;
			children = (
				AAA10011 /* Assets.xcassets */,
				AAA10012 /* Reframer.entitlements */,
				AAA10013 /* Info.plist */,
				331DF56DBDF1FEEE4E142195 /* MainMenu.xib */,
				B972E974DDAFCDB4952DE88C /* ControlBar.xib */,
			);
			name = Resources;
			path = Reframer/Resources;
			sourceTree = SOURCE_ROOT;
		};
		BBB40001 /* ReframerTests */ = {
			isa = PBXGroup;
			children = (
				BBB10001 /* TestHelpers.swift */,
				BBB10002 /* VideoStateTests.swift */,
				BBB10003 /* VideoFormatsTests.swift */,
				DZ001001 /* DropZoneViewTests.swift */,
				CBT001001 /* ControlBarStepTests.swift */,
				SST001001 /* ScrollStepAccumulatorTests.swift */,
				YT001003 /* YouTubeResolverTests.swift */,
				MPV001001 /* MPVManagerTests.swift */,
				MPV001003 /* MPVInstallationTests.swift */,
				DDD40001 /* TestFixtures */,
			);
			path = ReframerTests;
			sourceTree = "<group>";
		};
		CCC40001 /* ReframerUITests */ = {
			isa = PBXGroup;
			children = (
				CCC10001 /* ReframerUITests.swift */,
				CCC10002 /* ReframerUITestsLaunchTests.swift */,
				CCC10003 /* ReframerIntegrationTests.swift */,
				YT001005 /* ReframerYouTubeUITests.swift */,
				MPVUI001001 /* MPVIntegrationTests.swift */,
			);
			path = ReframerUITests;
			sourceTree = "<group>";
		};
		DDD40001 /* TestFixtures */ = {
			isa = PBXGroup;
			children = (
				DDD10001 /* test_30fps_2s.mp4 */,
				DDD10002 /* test_60fps_5s.mp4 */,
				DDD10003 /* test_4x3_1s.mp4 */,
				DDD10004 /* test-video.mp4 */,
			);
			path = TestFixtures;
			sourceTree = "<group>";
		};
/* End PBXGroup section */

/* Begin PBXNativeTarget section */
		AAA50001 /* Reframer */ = {
			isa = PBXNativeTarget;
			buildConfigurationList = AAA60003 /* Build configuration list for PBXNativeTarget "Reframer" */;
			buildPhases = (
				AAA50002 /* Sources */,
				AAA30001 /* Frameworks */,
				AAA50003 /* Resources */,
			);
			buildRules = (
			);
			dependencies = (
			);
			fileSystemSynchronizedGroups = (
				B214C6102F2E40FA0048F524 /* ../docs */,
			);
			name = Reframer;
			productName = Reframer;
			productReference = AAA20001 /* Reframer.app */;
			productType = "com.apple.product-type.application";
		};
		BBB50001 /* ReframerTests */ = {
			isa = PBXNativeTarget;
			buildConfigurationList = BBB60001 /* Build configuration list for PBXNativeTarget "ReframerTests" */;
			buildPhases = (
				BBB50002 /* Sources */,
				BBB30001 /* Frameworks */,
				BBB50003 /* Resources */,
			);
			buildRules = (
			);
			dependencies = (
				BBB50004 /* PBXTargetDependency */,
			);
			name = ReframerTests;
			productName = ReframerTests;
			productReference = BBB20002 /* ReframerTests.xctest */;
			productType = "com.apple.product-type.bundle.unit-test";
		};
		CCC50001 /* ReframerUITests */ = {
			isa = PBXNativeTarget;
			buildConfigurationList = CCC60001 /* Build configuration list for PBXNativeTarget "ReframerUITests" */;
			buildPhases = (
				CCC50002 /* Sources */,
				CCC30001 /* Frameworks */,
				CCC50003 /* Resources */,
				CCC50005 /* ShellScript */,
			);
			buildRules = (
			);
			dependencies = (
				CCC50004 /* PBXTargetDependency */,
			);
			name = ReframerUITests;
			productName = ReframerUITests;
			productReference = CCC20002 /* ReframerUITests.xctest */;
			productType = "com.apple.product-type.bundle.ui-testing";
		};
/* End PBXNativeTarget section */

/* Begin PBXProject section */
		AAA50004 /* Project object */ = {
			isa = PBXProject;
			attributes = {
				BuildIndependentTargetsInParallel = 1;
				LastSwiftUpdateCheck = 1500;
				LastUpgradeCheck = 2620;
				TargetAttributes = {
					AAA50001 = {
						CreatedOnToolsVersion = 15.0;
					};
					BBB50001 = {
						CreatedOnToolsVersion = 15.0;
						TestTargetID = AAA50001;
					};
					CCC50001 = {
						CreatedOnToolsVersion = 15.0;
						TestTargetID = AAA50001;
					};
				};
			};
			buildConfigurationList = AAA60001 /* Build configuration list for PBXProject "Reframer" */;
			compatibilityVersion = "Xcode 14.0";
			developmentRegion = en;
			hasScannedForEncodings = 0;
			knownRegions = (
				en,
				Base,
			);
			mainGroup = AAA40001;
			productRefGroup = AAA40003 /* Products */;
			projectDirPath = "";
			projectRoot = "";
			targets = (
				AAA50001 /* Reframer */,
				BBB50001 /* ReframerTests */,
				CCC50001 /* ReframerUITests */,
			);
		};
/* End PBXProject section */

/* Begin PBXResourcesBuildPhase section */
		AAA50003 /* Resources */ = {
			isa = PBXResourcesBuildPhase;
			buildActionMask = 2147483647;
			files = (
				AAA00011 /* Assets.xcassets in Resources */,
				FFF00001 /* Reframer.help in Resources */,
				6E1F01CFBCE69080FA2B16F6 /* MainMenu.xib in Resources */,
				370628C9CD00AD6AA6DF0707 /* ControlBar.xib in Resources */,
			);
			runOnlyForDeploymentPostprocessing = 0;
		};
		BBB50003 /* Resources */ = {
			isa = PBXResourcesBuildPhase;
			buildActionMask = 2147483647;
			files = (
				DDD00001 /* test_30fps_2s.mp4 in Resources */,
				DDD00002 /* test_60fps_5s.mp4 in Resources */,
				DDD00003 /* test_4x3_1s.mp4 in Resources */,
			);
			runOnlyForDeploymentPostprocessing = 0;
		};
		CCC50003 /* Resources */ = {
			isa = PBXResourcesBuildPhase;
			buildActionMask = 2147483647;
			files = (
			);
			runOnlyForDeploymentPostprocessing = 0;
		};
/* End PBXResourcesBuildPhase section */

/* Begin PBXShellScriptBuildPhase section */
		CCC50005 /* ShellScript */ = {
			isa = PBXShellScriptBuildPhase;
			buildActionMask = 2147483647;
			files = (
			);
			inputPaths = (
			);
			outputPaths = (
			);
			runOnlyForDeploymentPostprocessing = 0;
			shellPath = /bin/sh;
			shellScript = "runner=\"${BUILT_PRODUCTS_DIR}/ReframerUITests-Runner.app\"\napp=\"${BUILT_PRODUCTS_DIR}/Reframer.app\"\nif [ -d \"$runner\" ]; then\n  /usr/bin/xattr -dr com.apple.quarantine \"$runner\" || true\n  /usr/bin/xattr -dr com.apple.provenance \"$runner\" || true\n  /usr/bin/xattr -dr com.apple.macl \"$runner\" || true\n  /usr/bin/codesign --force --deep --sign - \"$runner\" || true\nfi\nif [ -d \"$app\" ]; then\n  /usr/bin/xattr -dr com.apple.quarantine \"$app\" || true\n  /usr/bin/xattr -dr com.apple.provenance \"$app\" || true\n  /usr/bin/xattr -dr com.apple.macl \"$app\" || true\n  /usr/bin/codesign --force --deep --sign - \"$app\" || true\nfi\n";
		};
/* End PBXShellScriptBuildPhase section */

/* Begin PBXSourcesBuildPhase section */
		AAA50002 /* Sources */ = {
			isa = PBXSourcesBuildPhase;
			buildActionMask = 2147483647;
			files = (
				7148C7DD0239873CFBA24CB6 /* AppDelegate.swift in Sources */,
				7C580FCBE04BAD9DED666438 /* DropZoneView.swift in Sources */,
				FFDA91AD48516D4B047630BE /* VideoView.swift in Sources */,
				0631DC8CF1CB9806E1F13AE0 /* ControlBar.swift in Sources */,
				5E887FAA7C23F19E7451BD73 /* MainViewController.swift in Sources */,
				F1BD590341D153225E413522 /* HelpView.swift in Sources */,
				15FDF44DEF2AEB44C895443B /* VideoState.swift in Sources */,
				0C895AB32C4B6FB0FA35D32A /* VideoFormats.swift in Sources */,
				889027EB0A16468DA6E73FD3 /* MPVLibrary.swift in Sources */,
				2491A9B249AD2563B719271A /* Notifications.swift in Sources */,
				KC001002 /* KeyCodes.swift in Sources */,
				SS001002 /* ScrollStepAccumulator.swift in Sources */,
				YT001002 /* YouTubeResolver.swift in Sources */,
				903D85FA96F4D67AAE7D51A6 /* EdgeIndicatorView.swift in Sources */,
				VF001002 /* VideoFilter.swift in Sources */,
				FS001002 /* FilterSettings.swift in Sources */,
				FM001002 /* FilterMenuButton.swift in Sources */,
				FP001002 /* FilterPanelView.swift in Sources */,
				BA0EBAA4561101336A2CB3CF /* MPVVideoView.swift in Sources */,
				ED8A2C8BB3058B6D41186E0D /* PreferencesWindowController.swift in Sources */,
				B8CFABAEDE33931C8E299E81 /* MPVManager.swift in Sources */,
			);
			runOnlyForDeploymentPostprocessing = 0;
		};
		BBB50002 /* Sources */ = {
			isa = PBXSourcesBuildPhase;
			buildActionMask = 2147483647;
			files = (
				BBB00001 /* TestHelpers.swift in Sources */,
				BBB00002 /* VideoStateTests.swift in Sources */,
				BBB00003 /* VideoFormatsTests.swift in Sources */,
				DZ001002 /* DropZoneViewTests.swift in Sources */,
				CBT001002 /* ControlBarStepTests.swift in Sources */,
				SST001002 /* ScrollStepAccumulatorTests.swift in Sources */,
				YT001004 /* YouTubeResolverTests.swift in Sources */,
				MPV001002 /* MPVManagerTests.swift in Sources */,
				MPV001004 /* MPVInstallationTests.swift in Sources */,
			);
			runOnlyForDeploymentPostprocessing = 0;
		};
		CCC50002 /* Sources */ = {
			isa = PBXSourcesBuildPhase;
			buildActionMask = 2147483647;
			files = (
				CCC00001 /* ReframerUITests.swift in Sources */,
				CCC00002 /* ReframerUITestsLaunchTests.swift in Sources */,
				CCC00003 /* ReframerIntegrationTests.swift in Sources */,
				YT001006 /* ReframerYouTubeUITests.swift in Sources */,
				MPVUI001002 /* MPVIntegrationTests.swift in Sources */,
			);
			runOnlyForDeploymentPostprocessing = 0;
		};
/* End PBXSourcesBuildPhase section */

/* Begin PBXTargetDependency section */
		BBB50004 /* PBXTargetDependency */ = {
			isa = PBXTargetDependency;
			target = AAA50001 /* Reframer */;
			targetProxy = BBB20001 /* PBXContainerItemProxy */;
		};
		CCC50004 /* PBXTargetDependency */ = {
			isa = PBXTargetDependency;
			target = AAA50001 /* Reframer */;
			targetProxy = CCC20001 /* PBXContainerItemProxy */;
		};
/* End PBXTargetDependency section */

/* Begin XCBuildConfiguration section */
		AAA60002 /* Debug */ = {
			isa = XCBuildConfiguration;
			buildSettings = {
				ALWAYS_SEARCH_USER_PATHS = NO;
				ASSETCATALOG_COMPILER_GENERATE_SWIFT_ASSET_SYMBOL_EXTENSIONS = YES;
				CLANG_ANALYZER_NONNULL = YES;
				CLANG_ANALYZER_NUMBER_OBJECT_CONVERSION = YES_AGGRESSIVE;
				CLANG_CXX_LANGUAGE_STANDARD = "gnu++20";
				CLANG_ENABLE_MODULES = YES;
				CLANG_ENABLE_OBJC_ARC = YES;
				CLANG_ENABLE_OBJC_WEAK = YES;
				CLANG_WARN_BLOCK_CAPTURE_AUTORELEASING = YES;
				CLANG_WARN_BOOL_CONVERSION = YES;
				CLANG_WARN_COMMA = YES;
				CLANG_WARN_CONSTANT_CONVERSION = YES;
				CLANG_WARN_DEPRECATED_OBJC_IMPLEMENTATIONS = YES;
				CLANG_WARN_DIRECT_OBJC_ISA_USAGE = YES_ERROR;
				CLANG_WARN_DOCUMENTATION_COMMENTS = YES;
				CLANG_WARN_EMPTY_BODY = YES;
				CLANG_WARN_ENUM_CONVERSION = YES;
				CLANG_WARN_INFINITE_RECURSION = YES;
				CLANG_WARN_INT_CONVERSION = YES;
				CLANG_WARN_NON_LITERAL_NULL_CONVERSION = YES;
				CLANG_WARN_OBJC_IMPLICIT_RETAIN_SELF = YES;
				CLANG_WARN_OBJC_LITERAL_CONVERSION = YES;
				CLANG_WARN_OBJC_ROOT_CLASS = YES_ERROR;
				CLANG_WARN_QUOTED_INCLUDE_IN_FRAMEWORK_HEADER = YES;
				CLANG_WARN_RANGE_LOOP_ANALYSIS = YES;
				CLANG_WARN_STRICT_PROTOTYPES = YES;
				CLANG_WARN_SUSPICIOUS_MOVE = YES;
				CLANG_WARN_UNGUARDED_AVAILABILITY = YES_AGGRESSIVE;
				CLANG_WARN_UNREACHABLE_CODE = YES;
				CLANG_WARN__DUPLICATE_METHOD_MATCH = YES;
				COPY_PHASE_STRIP = NO;
				DEAD_CODE_STRIPPING = YES;
				DEBUG_INFORMATION_FORMAT = dwarf;
				ENABLE_STRICT_OBJC_MSGSEND = YES;
				ENABLE_TESTABILITY = YES;
				ENABLE_USER_SCRIPT_SANDBOXING = NO;
				GCC_C_LANGUAGE_STANDARD = gnu17;
				GCC_DYNAMIC_NO_PIC = NO;
				GCC_NO_COMMON_BLOCKS = YES;
				GCC_OPTIMIZATION_LEVEL = 0;
				GCC_PREPROCESSOR_DEFINITIONS = (
					"DEBUG=1",
					"$(inherited)",
				);
				GCC_WARN_64_TO_32_BIT_CONVERSION = YES;
				GCC_WARN_ABOUT_RETURN_TYPE = YES_ERROR;
				GCC_WARN_UNDECLARED_SELECTOR = YES;
				GCC_WARN_UNINITIALIZED_AUTOS = YES_AGGRESSIVE;
				GCC_WARN_UNUSED_FUNCTION = YES;
				GCC_WARN_UNUSED_VARIABLE = YES;
				LOCALIZATION_PREFERS_STRING_CATALOGS = YES;
				MACOSX_DEPLOYMENT_TARGET = 15.0;
				MTL_ENABLE_DEBUG_INFO = INCLUDE_SOURCE;
				MTL_FAST_MATH = YES;
				ONLY_ACTIVE_ARCH = YES;
				SDKROOT = macosx;
				STRING_CATALOG_GENERATE_SYMBOLS = YES;
				SWIFT_ACTIVE_COMPILATION_CONDITIONS = "DEBUG $(inherited)";
				SWIFT_OPTIMIZATION_LEVEL = "-Onone";
			};
			name = Debug;
		};
		AAA60004 /* Release */ = {
			isa = XCBuildConfiguration;
			buildSettings = {
				ALWAYS_SEARCH_USER_PATHS = NO;
				ASSETCATALOG_COMPILER_GENERATE_SWIFT_ASSET_SYMBOL_EXTENSIONS = YES;
				CLANG_ANALYZER_NONNULL = YES;
				CLANG_ANALYZER_NUMBER_OBJECT_CONVERSION = YES_AGGRESSIVE;
				CLANG_CXX_LANGUAGE_STANDARD = "gnu++20";
				CLANG_ENABLE_MODULES = YES;
				CLANG_ENABLE_OBJC_ARC = YES;
				CLANG_ENABLE_OBJC_WEAK = YES;
				CLANG_WARN_BLOCK_CAPTURE_AUTORELEASING = YES;
				CLANG_WARN_BOOL_CONVERSION = YES;
				CLANG_WARN_COMMA = YES;
				CLANG_WARN_CONSTANT_CONVERSION = YES;
				CLANG_WARN_DEPRECATED_OBJC_IMPLEMENTATIONS = YES;
				CLANG_WARN_DIRECT_OBJC_ISA_USAGE = YES_ERROR;
				CLANG_WARN_DOCUMENTATION_COMMENTS = YES;
				CLANG_WARN_EMPTY_BODY = YES;
				CLANG_WARN_ENUM_CONVERSION = YES;
				CLANG_WARN_INFINITE_RECURSION = YES;
				CLANG_WARN_INT_CONVERSION = YES;
				CLANG_WARN_NON_LITERAL_NULL_CONVERSION = YES;
				CLANG_WARN_OBJC_IMPLICIT_RETAIN_SELF = YES;
				CLANG_WARN_OBJC_LITERAL_CONVERSION = YES;
				CLANG_WARN_OBJC_ROOT_CLASS = YES_ERROR;
				CLANG_WARN_QUOTED_INCLUDE_IN_FRAMEWORK_HEADER = YES;
				CLANG_WARN_RANGE_LOOP_ANALYSIS = YES;
				CLANG_WARN_STRICT_PROTOTYPES = YES;
				CLANG_WARN_SUSPICIOUS_MOVE = YES;
				CLANG_WARN_UNGUARDED_AVAILABILITY = YES_AGGRESSIVE;
				CLANG_WARN_UNREACHABLE_CODE = YES;
				CLANG_WARN__DUPLICATE_METHOD_MATCH = YES;
				COPY_PHASE_STRIP = NO;
				DEAD_CODE_STRIPPING = YES;
				DEBUG_INFORMATION_FORMAT = "dwarf-with-dsym";
				ENABLE_NS_ASSERTIONS = NO;
				ENABLE_STRICT_OBJC_MSGSEND = YES;
				ENABLE_USER_SCRIPT_SANDBOXING = NO;
				GCC_C_LANGUAGE_STANDARD = gnu17;
				GCC_NO_COMMON_BLOCKS = YES;
				GCC_WARN_64_TO_32_BIT_CONVERSION = YES;
				GCC_WARN_ABOUT_RETURN_TYPE = YES_ERROR;
				GCC_WARN_UNDECLARED_SELECTOR = YES;
				GCC_WARN_UNINITIALIZED_AUTOS = YES_AGGRESSIVE;
				GCC_WARN_UNUSED_FUNCTION = YES;
				GCC_WARN_UNUSED_VARIABLE = YES;
				LOCALIZATION_PREFERS_STRING_CATALOGS = YES;
				MACOSX_DEPLOYMENT_TARGET = 15.0;
				MTL_ENABLE_DEBUG_INFO = NO;
				MTL_FAST_MATH = YES;
				SDKROOT = macosx;
				STRING_CATALOG_GENERATE_SYMBOLS = YES;
				SWIFT_COMPILATION_MODE = wholemodule;
			};
			name = Release;
		};
		AAA60005 /* Debug */ = {
			isa = XCBuildConfiguration;
			buildSettings = {
				ASSETCATALOG_COMPILER_APPICON_NAME = AppIcon;
				ASSETCATALOG_COMPILER_GLOBAL_ACCENT_COLOR_NAME = AccentColor;
				CODE_SIGN_ENTITLEMENTS = Reframer/Resources/Reframer.entitlements;
				CODE_SIGN_STYLE = Automatic;
				COMBINE_HIDPI_IMAGES = YES;
				CURRENT_PROJECT_VERSION = 1;
				DEAD_CODE_STRIPPING = YES;
				DEVELOPMENT_ASSET_PATHS = "\"Reframer/Preview Content\"";
				ENABLE_APP_SANDBOX = NO;
				ENABLE_HARDENED_RUNTIME = YES;
				ENABLE_PREVIEWS = YES;
				ENABLE_USER_SELECTED_FILES = readwrite;
				GENERATE_INFOPLIST_FILE = NO;
				INFOPLIST_FILE = Reframer/Resources/Info.plist;
				INFOPLIST_KEY_CFBundleDisplayName = Reframer;
				INFOPLIST_KEY_LSApplicationCategoryType = "public.app-category.video";
				INFOPLIST_KEY_NSHumanReadableCopyright = "";
				LD_RUNPATH_SEARCH_PATHS = (
					"$(inherited)",
					"@executable_path/../Frameworks",
				);
				MARKETING_VERSION = 1.0;
				PRODUCT_BUNDLE_IDENTIFIER = com.reframer.app;
				PRODUCT_NAME = "$(TARGET_NAME)";
				SWIFT_EMIT_LOC_STRINGS = YES;
				SWIFT_VERSION = 5.0;
			};
			name = Debug;
		};
		AAA60006 /* Release */ = {
			isa = XCBuildConfiguration;
			buildSettings = {
				ASSETCATALOG_COMPILER_APPICON_NAME = AppIcon;
				ASSETCATALOG_COMPILER_GLOBAL_ACCENT_COLOR_NAME = AccentColor;
				CODE_SIGN_ENTITLEMENTS = Reframer/Resources/Reframer.entitlements;
				CODE_SIGN_STYLE = Automatic;
				COMBINE_HIDPI_IMAGES = YES;
				CURRENT_PROJECT_VERSION = 1;
				DEAD_CODE_STRIPPING = YES;
				DEVELOPMENT_ASSET_PATHS = "\"Reframer/Preview Content\"";
				ENABLE_APP_SANDBOX = NO;
				ENABLE_HARDENED_RUNTIME = YES;
				ENABLE_PREVIEWS = YES;
				ENABLE_USER_SELECTED_FILES = readwrite;
				GENERATE_INFOPLIST_FILE = NO;
				INFOPLIST_FILE = Reframer/Resources/Info.plist;
				INFOPLIST_KEY_CFBundleDisplayName = Reframer;
				INFOPLIST_KEY_LSApplicationCategoryType = "public.app-category.video";
				INFOPLIST_KEY_NSHumanReadableCopyright = "";
				LD_RUNPATH_SEARCH_PATHS = (
					"$(inherited)",
					"@executable_path/../Frameworks",
				);
				MARKETING_VERSION = 1.0;
				PRODUCT_BUNDLE_IDENTIFIER = com.reframer.app;
				PRODUCT_NAME = "$(TARGET_NAME)";
				SWIFT_EMIT_LOC_STRINGS = YES;
				SWIFT_VERSION = 5.0;
			};
			name = Release;
		};
		BBB60002 /* Debug */ = {
			isa = XCBuildConfiguration;
			buildSettings = {
				BUNDLE_LOADER = "$(TEST_HOST)";
				CODE_SIGN_STYLE = Automatic;
				CURRENT_PROJECT_VERSION = 1;
				DEAD_CODE_STRIPPING = YES;
				GENERATE_INFOPLIST_FILE = YES;
				MACOSX_DEPLOYMENT_TARGET = 15.0;
				MARKETING_VERSION = 1.0;
				PRODUCT_BUNDLE_IDENTIFIER = com.reframer.app.ReframerTests;
				PRODUCT_NAME = "$(TARGET_NAME)";
				SWIFT_EMIT_LOC_STRINGS = NO;
				SWIFT_VERSION = 5.0;
				TEST_HOST = "$(BUILT_PRODUCTS_DIR)/Reframer.app/$(BUNDLE_EXECUTABLE_FOLDER_PATH)/Reframer";
			};
			name = Debug;
		};
		BBB60003 /* Release */ = {
			isa = XCBuildConfiguration;
			buildSettings = {
				BUNDLE_LOADER = "$(TEST_HOST)";
				CODE_SIGN_STYLE = Automatic;
				CURRENT_PROJECT_VERSION = 1;
				DEAD_CODE_STRIPPING = YES;
				GENERATE_INFOPLIST_FILE = YES;
				MACOSX_DEPLOYMENT_TARGET = 15.0;
				MARKETING_VERSION = 1.0;
				PRODUCT_BUNDLE_IDENTIFIER = com.reframer.app.ReframerTests;
				PRODUCT_NAME = "$(TARGET_NAME)";
				SWIFT_EMIT_LOC_STRINGS = NO;
				SWIFT_VERSION = 5.0;
				TEST_HOST = "$(BUILT_PRODUCTS_DIR)/Reframer.app/$(BUNDLE_EXECUTABLE_FOLDER_PATH)/Reframer";
			};
			name = Release;
		};
		CCC60002 /* Debug */ = {
			isa = XCBuildConfiguration;
			buildSettings = {
				CODE_SIGN_STYLE = Automatic;
				CURRENT_PROJECT_VERSION = 1;
				DEAD_CODE_STRIPPING = YES;
				GENERATE_INFOPLIST_FILE = YES;
				MACOSX_DEPLOYMENT_TARGET = 15.0;
				MARKETING_VERSION = 1.0;
				PRODUCT_BUNDLE_IDENTIFIER = com.reframer.app.ReframerUITests;
				PRODUCT_NAME = "$(TARGET_NAME)";
				SWIFT_EMIT_LOC_STRINGS = NO;
				SWIFT_VERSION = 5.0;
				TEST_TARGET_NAME = Reframer;
			};
			name = Debug;
		};
		CCC60003 /* Release */ = {
			isa = XCBuildConfiguration;
			buildSettings = {
				CODE_SIGN_STYLE = Automatic;
				CURRENT_PROJECT_VERSION = 1;
				DEAD_CODE_STRIPPING = YES;
				GENERATE_INFOPLIST_FILE = YES;
				MACOSX_DEPLOYMENT_TARGET = 15.0;
				MARKETING_VERSION = 1.0;
				PRODUCT_BUNDLE_IDENTIFIER = com.reframer.app.ReframerUITests;
				PRODUCT_NAME = "$(TARGET_NAME)";
				SWIFT_EMIT_LOC_STRINGS = NO;
				SWIFT_VERSION = 5.0;
				TEST_TARGET_NAME = Reframer;
			};
			name = Release;
		};
/* End XCBuildConfiguration section */

/* Begin XCConfigurationList section */
		AAA60001 /* Build configuration list for PBXProject "Reframer" */ = {
			isa = XCConfigurationList;
			buildConfigurations = (
				AAA60002 /* Debug */,
				AAA60004 /* Release */,
			);
			defaultConfigurationIsVisible = 0;
			defaultConfigurationName = Release;
		};
		AAA60003 /* Build configuration list for PBXNativeTarget "Reframer" */ = {
			isa = XCConfigurationList;
			buildConfigurations = (
				AAA60005 /* Debug */,
				AAA60006 /* Release */,
			);
			defaultConfigurationIsVisible = 0;
			defaultConfigurationName = Release;
		};
		BBB60001 /* Build configuration list for PBXNativeTarget "ReframerTests" */ = {
			isa = XCConfigurationList;
			buildConfigurations = (
				BBB60002 /* Debug */,
				BBB60003 /* Release */,
			);
			defaultConfigurationIsVisible = 0;
			defaultConfigurationName = Release;
		};
		CCC60001 /* Build configuration list for PBXNativeTarget "ReframerUITests" */ = {
			isa = XCConfigurationList;
			buildConfigurations = (
				CCC60002 /* Debug */,
				CCC60003 /* Release */,
			);
			defaultConfigurationIsVisible = 0;
			defaultConfigurationName = Release;
		};
/* End XCConfigurationList section */
	};
	rootObject = AAA50004 /* Project object */;
}
